// !$*UTF8*$!
{
	archiveVersion = 1;
	classes = {
	};
	objectVersion = 56;
	objects = {

/* Begin PBXBuildFile section */
		2E4E5B3D2AECC3F000800143 /* AQIModel.swift in Sources */ = {isa = PBXBuildFile; fileRef = 2E4E5B3C2AECC3F000800143 /* AQIModel.swift */; };
		2E4E5B422AECCC7700800143 /* AQIData.swift in Sources */ = {isa = PBXBuildFile; fileRef = 2E4E5B412AECCC7700800143 /* AQIData.swift */; };
		2E718AC92AE240D200EBEBFD /* HeadlineText.swift in Sources */ = {isa = PBXBuildFile; fileRef = 2E718AC82AE240D200EBEBFD /* HeadlineText.swift */; };
		2E7E3E802AE3DB2B00871394 /* WeatherData.swift in Sources */ = {isa = PBXBuildFile; fileRef = 2E7E3E7F2AE3DB2B00871394 /* WeatherData.swift */; };
		2E7E3E822AE3DB7100871394 /* WeatherModel.swift in Sources */ = {isa = PBXBuildFile; fileRef = 2E7E3E812AE3DB7100871394 /* WeatherModel.swift */; };
		2E7E3E862AE3DBD600871394 /* WeatherManager.swift in Sources */ = {isa = PBXBuildFile; fileRef = 2E7E3E852AE3DBD600871394 /* WeatherManager.swift */; };
		2E7E3E882AE3DC0100871394 /* WeatherManagerDelegate.swift in Sources */ = {isa = PBXBuildFile; fileRef = 2E7E3E872AE3DC0100871394 /* WeatherManagerDelegate.swift */; };
		2E7E3E8A2AE3DC3B00871394 /* NewsWaveData.swift in Sources */ = {isa = PBXBuildFile; fileRef = 2E7E3E892AE3DC3B00871394 /* NewsWaveData.swift */; };
		2E7E3E8C2AE3DE6A00871394 /* NewsWaveModel.swift in Sources */ = {isa = PBXBuildFile; fileRef = 2E7E3E8B2AE3DE6A00871394 /* NewsWaveModel.swift */; };
		2E7E3E8E2AE3DE9D00871394 /* NewsWaveManager.swift in Sources */ = {isa = PBXBuildFile; fileRef = 2E7E3E8D2AE3DE9D00871394 /* NewsWaveManager.swift */; };
		2E7E3E902AE3DF2000871394 /* APIKeys.swift in Sources */ = {isa = PBXBuildFile; fileRef = 2E7E3E8F2AE3DF2000871394 /* APIKeys.swift */; };
		2E7E3E922AE3E0C600871394 /* LangEN.swift in Sources */ = {isa = PBXBuildFile; fileRef = 2E7E3E912AE3E0C600871394 /* LangEN.swift */; };
		2E7E3E942AE3E2EE00871394 /* Settings.swift in Sources */ = {isa = PBXBuildFile; fileRef = 2E7E3E932AE3E2EE00871394 /* Settings.swift */; };
		2E7E3E972AE3E45F00871394 /* WeatherViewModel.swift in Sources */ = {isa = PBXBuildFile; fileRef = 2E7E3E962AE3E45F00871394 /* WeatherViewModel.swift */; };
		2E8FB8162AEC44C300DA7F6D /* WeatherCard.swift in Sources */ = {isa = PBXBuildFile; fileRef = 2E8FB8152AEC44C300DA7F6D /* WeatherCard.swift */; };
		2E8FB8182AEC549000DA7F6D /* AQIManager.swift in Sources */ = {isa = PBXBuildFile; fileRef = 2E8FB8172AEC549000DA7F6D /* AQIManager.swift */; };
		2E8FB81A2AEC561600DA7F6D /* AQIManagerDelegate.swift in Sources */ = {isa = PBXBuildFile; fileRef = 2E8FB8192AEC561600DA7F6D /* AQIManagerDelegate.swift */; };
		2EB960BE2AE1BA3C00C3CFD7 /* NewsWaveApp.swift in Sources */ = {isa = PBXBuildFile; fileRef = 2EB960BD2AE1BA3C00C3CFD7 /* NewsWaveApp.swift */; };
		2EB960C02AE1BA3C00C3CFD7 /* InitialView.swift in Sources */ = {isa = PBXBuildFile; fileRef = 2EB960BF2AE1BA3C00C3CFD7 /* InitialView.swift */; };
		2EB960C22AE1BA3D00C3CFD7 /* Assets.xcassets in Resources */ = {isa = PBXBuildFile; fileRef = 2EB960C12AE1BA3D00C3CFD7 /* Assets.xcassets */; };
		2EB960C52AE1BA3D00C3CFD7 /* Preview Assets.xcassets in Resources */ = {isa = PBXBuildFile; fileRef = 2EB960C42AE1BA3D00C3CFD7 /* Preview Assets.xcassets */; };
		2EB960CC2AE1BBC400C3CFD7 /* apiKey.rtf in Resources */ = {isa = PBXBuildFile; fileRef = 2EB960CB2AE1BBC400C3CFD7 /* apiKey.rtf */; };
		2EB960CE2AE1BD6D00C3CFD7 /* NewsCard.swift in Sources */ = {isa = PBXBuildFile; fileRef = 2EB960CD2AE1BD6D00C3CFD7 /* NewsCard.swift */; };
		2EFE5A1E2AE3167700E5A600 /* CategoriesItem.swift in Sources */ = {isa = PBXBuildFile; fileRef = 2EFE5A1D2AE3167700E5A600 /* CategoriesItem.swift */; };
		2EFE5A202AE31D2900E5A600 /* NewsWaveView.swift in Sources */ = {isa = PBXBuildFile; fileRef = 2EFE5A1F2AE31D2800E5A600 /* NewsWaveView.swift */; };
		2EFE5A222AE31DE200E5A600 /* WeatherView.swift in Sources */ = {isa = PBXBuildFile; fileRef = 2EFE5A212AE31DE200E5A600 /* WeatherView.swift */; };
		2EFE5A242AE3201000E5A600 /* SettingsView.swift in Sources */ = {isa = PBXBuildFile; fileRef = 2EFE5A232AE3201000E5A600 /* SettingsView.swift */; };
		2EFE5A262AE3209300E5A600 /* SearchView.swift in Sources */ = {isa = PBXBuildFile; fileRef = 2EFE5A252AE3209300E5A600 /* SearchView.swift */; };
/* End PBXBuildFile section */

/* Begin PBXFileReference section */
		2E4E5B3C2AECC3F000800143 /* AQIModel.swift */ = {isa = PBXFileReference; lastKnownFileType = sourcecode.swift; path = AQIModel.swift; sourceTree = "<group>"; };
		2E4E5B412AECCC7700800143 /* AQIData.swift */ = {isa = PBXFileReference; lastKnownFileType = sourcecode.swift; path = AQIData.swift; sourceTree = "<group>"; };
		2E718AC82AE240D200EBEBFD /* HeadlineText.swift */ = {isa = PBXFileReference; lastKnownFileType = sourcecode.swift; path = HeadlineText.swift; sourceTree = "<group>"; };
		2E7E3E7F2AE3DB2B00871394 /* WeatherData.swift */ = {isa = PBXFileReference; lastKnownFileType = sourcecode.swift; path = WeatherData.swift; sourceTree = "<group>"; };
		2E7E3E812AE3DB7100871394 /* WeatherModel.swift */ = {isa = PBXFileReference; lastKnownFileType = sourcecode.swift; path = WeatherModel.swift; sourceTree = "<group>"; };
		2E7E3E852AE3DBD600871394 /* WeatherManager.swift */ = {isa = PBXFileReference; lastKnownFileType = sourcecode.swift; path = WeatherManager.swift; sourceTree = "<group>"; };
		2E7E3E872AE3DC0100871394 /* WeatherManagerDelegate.swift */ = {isa = PBXFileReference; lastKnownFileType = sourcecode.swift; path = WeatherManagerDelegate.swift; sourceTree = "<group>"; };
		2E7E3E892AE3DC3B00871394 /* NewsWaveData.swift */ = {isa = PBXFileReference; lastKnownFileType = sourcecode.swift; path = NewsWaveData.swift; sourceTree = "<group>"; };
		2E7E3E8B2AE3DE6A00871394 /* NewsWaveModel.swift */ = {isa = PBXFileReference; lastKnownFileType = sourcecode.swift; path = NewsWaveModel.swift; sourceTree = "<group>"; };
		2E7E3E8D2AE3DE9D00871394 /* NewsWaveManager.swift */ = {isa = PBXFileReference; lastKnownFileType = sourcecode.swift; path = NewsWaveManager.swift; sourceTree = "<group>"; };
		2E7E3E8F2AE3DF2000871394 /* APIKeys.swift */ = {isa = PBXFileReference; lastKnownFileType = sourcecode.swift; path = APIKeys.swift; sourceTree = "<group>"; };
		2E7E3E912AE3E0C600871394 /* LangEN.swift */ = {isa = PBXFileReference; lastKnownFileType = sourcecode.swift; path = LangEN.swift; sourceTree = "<group>"; };
		2E7E3E932AE3E2EE00871394 /* Settings.swift */ = {isa = PBXFileReference; lastKnownFileType = sourcecode.swift; path = Settings.swift; sourceTree = "<group>"; };
		2E7E3E962AE3E45F00871394 /* WeatherViewModel.swift */ = {isa = PBXFileReference; lastKnownFileType = sourcecode.swift; path = WeatherViewModel.swift; sourceTree = "<group>"; };
		2E8FB8152AEC44C300DA7F6D /* WeatherCard.swift */ = {isa = PBXFileReference; lastKnownFileType = sourcecode.swift; path = WeatherCard.swift; sourceTree = "<group>"; };
		2E8FB8172AEC549000DA7F6D /* AQIManager.swift */ = {isa = PBXFileReference; lastKnownFileType = sourcecode.swift; path = AQIManager.swift; sourceTree = "<group>"; };
		2E8FB8192AEC561600DA7F6D /* AQIManagerDelegate.swift */ = {isa = PBXFileReference; lastKnownFileType = sourcecode.swift; path = AQIManagerDelegate.swift; sourceTree = "<group>"; };
		2EB960BA2AE1BA3C00C3CFD7 /* NewsWave.app */ = {isa = PBXFileReference; explicitFileType = wrapper.application; includeInIndex = 0; path = NewsWave.app; sourceTree = BUILT_PRODUCTS_DIR; };
		2EB960BD2AE1BA3C00C3CFD7 /* NewsWaveApp.swift */ = {isa = PBXFileReference; lastKnownFileType = sourcecode.swift; path = NewsWaveApp.swift; sourceTree = "<group>"; };
		2EB960BF2AE1BA3C00C3CFD7 /* InitialView.swift */ = {isa = PBXFileReference; lastKnownFileType = sourcecode.swift; path = InitialView.swift; sourceTree = "<group>"; };
		2EB960C12AE1BA3D00C3CFD7 /* Assets.xcassets */ = {isa = PBXFileReference; lastKnownFileType = folder.assetcatalog; path = Assets.xcassets; sourceTree = "<group>"; };
		2EB960C42AE1BA3D00C3CFD7 /* Preview Assets.xcassets */ = {isa = PBXFileReference; lastKnownFileType = folder.assetcatalog; path = "Preview Assets.xcassets"; sourceTree = "<group>"; };
		2EB960CB2AE1BBC400C3CFD7 /* apiKey.rtf */ = {isa = PBXFileReference; lastKnownFileType = text.rtf; path = apiKey.rtf; sourceTree = "<group>"; };
		2EB960CD2AE1BD6D00C3CFD7 /* NewsCard.swift */ = {isa = PBXFileReference; lastKnownFileType = sourcecode.swift; path = NewsCard.swift; sourceTree = "<group>"; };
		2EFE5A1D2AE3167700E5A600 /* CategoriesItem.swift */ = {isa = PBXFileReference; lastKnownFileType = sourcecode.swift; path = CategoriesItem.swift; sourceTree = "<group>"; };
		2EFE5A1F2AE31D2800E5A600 /* NewsWaveView.swift */ = {isa = PBXFileReference; lastKnownFileType = sourcecode.swift; path = NewsWaveView.swift; sourceTree = "<group>"; };
		2EFE5A212AE31DE200E5A600 /* WeatherView.swift */ = {isa = PBXFileReference; lastKnownFileType = sourcecode.swift; path = WeatherView.swift; sourceTree = "<group>"; };
		2EFE5A232AE3201000E5A600 /* SettingsView.swift */ = {isa = PBXFileReference; lastKnownFileType = sourcecode.swift; path = SettingsView.swift; sourceTree = "<group>"; };
		2EFE5A252AE3209300E5A600 /* SearchView.swift */ = {isa = PBXFileReference; lastKnownFileType = sourcecode.swift; path = SearchView.swift; sourceTree = "<group>"; };
/* End PBXFileReference section */

/* Begin PBXFrameworksBuildPhase section */
		2EB960B72AE1BA3C00C3CFD7 /* Frameworks */ = {
			isa = PBXFrameworksBuildPhase;
			buildActionMask = 2147483647;
			files = (
			);
			runOnlyForDeploymentPostprocessing = 0;
		};
/* End PBXFrameworksBuildPhase section */

/* Begin PBXGroup section */
		2E4E5B402AECCBFD00800143 /* AQI */ = {
			isa = PBXGroup;
			children = (
				2E4E5B412AECCC7700800143 /* AQIData.swift */,
				2E4E5B3C2AECC3F000800143 /* AQIModel.swift */,
				2E8FB8172AEC549000DA7F6D /* AQIManager.swift */,
				2E8FB8192AEC561600DA7F6D /* AQIManagerDelegate.swift */,
			);
			path = AQI;
			sourceTree = "<group>";
		};
		2E718ACA2AE2410A00EBEBFD /* Elements */ = {
			isa = PBXGroup;
			children = (
				2EFE5A1D2AE3167700E5A600 /* CategoriesItem.swift */,
				2E718AC82AE240D200EBEBFD /* HeadlineText.swift */,
				2EB960CD2AE1BD6D00C3CFD7 /* NewsCard.swift */,
				2E8FB8152AEC44C300DA7F6D /* WeatherCard.swift */,
			);
			path = Elements;
			sourceTree = "<group>";
		};
		2E7E3E7E2AE3DB0900871394 /* Models */ = {
			isa = PBXGroup;
			children = (
				2E7E3E932AE3E2EE00871394 /* Settings.swift */,
				2E7E3E842AE3DB9200871394 /* NewsWave */,
				2E7E3E832AE3DB8200871394 /* Weather */,
			);
			path = Models;
			sourceTree = "<group>";
		};
		2E7E3E832AE3DB8200871394 /* Weather */ = {
			isa = PBXGroup;
			children = (
				2E7E3E7F2AE3DB2B00871394 /* WeatherData.swift */,
				2E7E3E812AE3DB7100871394 /* WeatherModel.swift */,
				2E7E3E852AE3DBD600871394 /* WeatherManager.swift */,
				2E7E3E872AE3DC0100871394 /* WeatherManagerDelegate.swift */,
				2E4E5B402AECCBFD00800143 /* AQI */,
			);
			path = Weather;
			sourceTree = "<group>";
		};
		2E7E3E842AE3DB9200871394 /* NewsWave */ = {
			isa = PBXGroup;
			children = (
				2E7E3E892AE3DC3B00871394 /* NewsWaveData.swift */,
				2E7E3E8B2AE3DE6A00871394 /* NewsWaveModel.swift */,
				2E7E3E8D2AE3DE9D00871394 /* NewsWaveManager.swift */,
			);
			path = NewsWave;
			sourceTree = "<group>";
		};
		2E7E3E952AE3E3CC00871394 /* ViewModels */ = {
			isa = PBXGroup;
			children = (
				2E7E3E962AE3E45F00871394 /* WeatherViewModel.swift */,
			);
			path = ViewModels;
			sourceTree = "<group>";
		};
		2EB960B12AE1BA3C00C3CFD7 = {
			isa = PBXGroup;
			children = (
				2EB960BC2AE1BA3C00C3CFD7 /* NewsWave */,
				2EB960BB2AE1BA3C00C3CFD7 /* Products */,
			);
			sourceTree = "<group>";
		};
		2EB960BB2AE1BA3C00C3CFD7 /* Products */ = {
			isa = PBXGroup;
			children = (
				2EB960BA2AE1BA3C00C3CFD7 /* NewsWave.app */,
			);
			name = Products;
			sourceTree = "<group>";
		};
		2EB960BC2AE1BA3C00C3CFD7 /* NewsWave */ = {
			isa = PBXGroup;
			children = (
				2EB960BD2AE1BA3C00C3CFD7 /* NewsWaveApp.swift */,
				2E7E3E8F2AE3DF2000871394 /* APIKeys.swift */,
				2E7E3E912AE3E0C600871394 /* LangEN.swift */,
				2E7E3E7E2AE3DB0900871394 /* Models */,
				2E7E3E952AE3E3CC00871394 /* ViewModels */,
				2EB960D02AE1BD8200C3CFD7 /* Views */,
				2EB960CB2AE1BBC400C3CFD7 /* apiKey.rtf */,
				2EB960C12AE1BA3D00C3CFD7 /* Assets.xcassets */,
				2EB960C32AE1BA3D00C3CFD7 /* Preview Content */,
			);
			path = NewsWave;
			sourceTree = "<group>";
		};
		2EB960C32AE1BA3D00C3CFD7 /* Preview Content */ = {
			isa = PBXGroup;
			children = (
				2EB960C42AE1BA3D00C3CFD7 /* Preview Assets.xcassets */,
			);
			path = "Preview Content";
			sourceTree = "<group>";
		};
		2EB960D02AE1BD8200C3CFD7 /* Views */ = {
			isa = PBXGroup;
			children = (
				2EB960BF2AE1BA3C00C3CFD7 /* InitialView.swift */,
				2EFE5A252AE3209300E5A600 /* SearchView.swift */,
				2EFE5A1F2AE31D2800E5A600 /* NewsWaveView.swift */,
				2EFE5A212AE31DE200E5A600 /* WeatherView.swift */,
				2EFE5A232AE3201000E5A600 /* SettingsView.swift */,
				2E718ACA2AE2410A00EBEBFD /* Elements */,
			);
			path = Views;
			sourceTree = "<group>";
		};
/* End PBXGroup section */

/* Begin PBXNativeTarget section */
		2EB960B92AE1BA3C00C3CFD7 /* NewsWave */ = {
			isa = PBXNativeTarget;
			buildConfigurationList = 2EB960C82AE1BA3D00C3CFD7 /* Build configuration list for PBXNativeTarget "NewsWave" */;
			buildPhases = (
				2EB960B62AE1BA3C00C3CFD7 /* Sources */,
				2EB960B72AE1BA3C00C3CFD7 /* Frameworks */,
				2EB960B82AE1BA3C00C3CFD7 /* Resources */,
			);
			buildRules = (
			);
			dependencies = (
			);
			name = NewsWave;
			productName = NewsWave;
			productReference = 2EB960BA2AE1BA3C00C3CFD7 /* NewsWave.app */;
			productType = "com.apple.product-type.application";
		};
/* End PBXNativeTarget section */

/* Begin PBXProject section */
		2EB960B22AE1BA3C00C3CFD7 /* Project object */ = {
			isa = PBXProject;
			attributes = {
				BuildIndependentTargetsInParallel = 1;
				LastSwiftUpdateCheck = 1500;
				LastUpgradeCheck = 1500;
				TargetAttributes = {
					2EB960B92AE1BA3C00C3CFD7 = {
						CreatedOnToolsVersion = 15.0;
					};
				};
			};
			buildConfigurationList = 2EB960B52AE1BA3C00C3CFD7 /* Build configuration list for PBXProject "NewsWave" */;
			compatibilityVersion = "Xcode 14.0";
			developmentRegion = en;
			hasScannedForEncodings = 0;
			knownRegions = (
				en,
				Base,
			);
			mainGroup = 2EB960B12AE1BA3C00C3CFD7;
			productRefGroup = 2EB960BB2AE1BA3C00C3CFD7 /* Products */;
			projectDirPath = "";
			projectRoot = "";
			targets = (
				2EB960B92AE1BA3C00C3CFD7 /* NewsWave */,
			);
		};
/* End PBXProject section */

/* Begin PBXResourcesBuildPhase section */
		2EB960B82AE1BA3C00C3CFD7 /* Resources */ = {
			isa = PBXResourcesBuildPhase;
			buildActionMask = 2147483647;
			files = (
				2EB960C52AE1BA3D00C3CFD7 /* Preview Assets.xcassets in Resources */,
				2EB960CC2AE1BBC400C3CFD7 /* apiKey.rtf in Resources */,
				2EB960C22AE1BA3D00C3CFD7 /* Assets.xcassets in Resources */,
			);
			runOnlyForDeploymentPostprocessing = 0;
		};
/* End PBXResourcesBuildPhase section */

/* Begin PBXSourcesBuildPhase section */
		2EB960B62AE1BA3C00C3CFD7 /* Sources */ = {
			isa = PBXSourcesBuildPhase;
			buildActionMask = 2147483647;
			files = (
				2E718AC92AE240D200EBEBFD /* HeadlineText.swift in Sources */,
				2EFE5A262AE3209300E5A600 /* SearchView.swift in Sources */,
				2EFE5A242AE3201000E5A600 /* SettingsView.swift in Sources */,
				2E4E5B422AECCC7700800143 /* AQIData.swift in Sources */,
				2E7E3E8C2AE3DE6A00871394 /* NewsWaveModel.swift in Sources */,
				2EFE5A202AE31D2900E5A600 /* NewsWaveView.swift in Sources */,
				2E4E5B3D2AECC3F000800143 /* AQIModel.swift in Sources */,
				2E7E3E972AE3E45F00871394 /* WeatherViewModel.swift in Sources */,
				2EFE5A1E2AE3167700E5A600 /* CategoriesItem.swift in Sources */,
				2E8FB81A2AEC561600DA7F6D /* AQIManagerDelegate.swift in Sources */,
				2EB960CE2AE1BD6D00C3CFD7 /* NewsCard.swift in Sources */,
				2E8FB8162AEC44C300DA7F6D /* WeatherCard.swift in Sources */,
				2E7E3E902AE3DF2000871394 /* APIKeys.swift in Sources */,
				2E7E3E862AE3DBD600871394 /* WeatherManager.swift in Sources */,
				2E7E3E802AE3DB2B00871394 /* WeatherData.swift in Sources */,
				2EB960C02AE1BA3C00C3CFD7 /* InitialView.swift in Sources */,
				2E7E3E8A2AE3DC3B00871394 /* NewsWaveData.swift in Sources */,
				2E7E3E922AE3E0C600871394 /* LangEN.swift in Sources */,
				2E7E3E8E2AE3DE9D00871394 /* NewsWaveManager.swift in Sources */,
				2EFE5A222AE31DE200E5A600 /* WeatherView.swift in Sources */,
				2E7E3E882AE3DC0100871394 /* WeatherManagerDelegate.swift in Sources */,
				2EB960BE2AE1BA3C00C3CFD7 /* NewsWaveApp.swift in Sources */,
				2E7E3E822AE3DB7100871394 /* WeatherModel.swift in Sources */,
				2E7E3E942AE3E2EE00871394 /* Settings.swift in Sources */,
				2E8FB8182AEC549000DA7F6D /* AQIManager.swift in Sources */,
			);
			runOnlyForDeploymentPostprocessing = 0;
		};
/* End PBXSourcesBuildPhase section */

/* Begin XCBuildConfiguration section */
		2EB960C62AE1BA3D00C3CFD7 /* Debug */ = {
			isa = XCBuildConfiguration;
			buildSettings = {
				ALWAYS_SEARCH_USER_PATHS = NO;
				ASSETCATALOG_COMPILER_GENERATE_SWIFT_ASSET_SYMBOL_EXTENSIONS = YES;
				CLANG_ANALYZER_NONNULL = YES;
				CLANG_ANALYZER_NUMBER_OBJECT_CONVERSION = YES_AGGRESSIVE;
				CLANG_CXX_LANGUAGE_STANDARD = "gnu++20";
				CLANG_ENABLE_MODULES = YES;
				CLANG_ENABLE_OBJC_ARC = YES;
				CLANG_ENABLE_OBJC_WEAK = YES;
				CLANG_WARN_BLOCK_CAPTURE_AUTORELEASING = YES;
				CLANG_WARN_BOOL_CONVERSION = YES;
				CLANG_WARN_COMMA = YES;
				CLANG_WARN_CONSTANT_CONVERSION = YES;
				CLANG_WARN_DEPRECATED_OBJC_IMPLEMENTATIONS = YES;
				CLANG_WARN_DIRECT_OBJC_ISA_USAGE = YES_ERROR;
				CLANG_WARN_DOCUMENTATION_COMMENTS = YES;
				CLANG_WARN_EMPTY_BODY = YES;
				CLANG_WARN_ENUM_CONVERSION = YES;
				CLANG_WARN_INFINITE_RECURSION = YES;
				CLANG_WARN_INT_CONVERSION = YES;
				CLANG_WARN_NON_LITERAL_NULL_CONVERSION = YES;
				CLANG_WARN_OBJC_IMPLICIT_RETAIN_SELF = YES;
				CLANG_WARN_OBJC_LITERAL_CONVERSION = YES;
				CLANG_WARN_OBJC_ROOT_CLASS = YES_ERROR;
				CLANG_WARN_QUOTED_INCLUDE_IN_FRAMEWORK_HEADER = YES;
				CLANG_WARN_RANGE_LOOP_ANALYSIS = YES;
				CLANG_WARN_STRICT_PROTOTYPES = YES;
				CLANG_WARN_SUSPICIOUS_MOVE = YES;
				CLANG_WARN_UNGUARDED_AVAILABILITY = YES_AGGRESSIVE;
				CLANG_WARN_UNREACHABLE_CODE = YES;
				CLANG_WARN__DUPLICATE_METHOD_MATCH = YES;
				COPY_PHASE_STRIP = NO;
				DEBUG_INFORMATION_FORMAT = dwarf;
				ENABLE_STRICT_OBJC_MSGSEND = YES;
				ENABLE_TESTABILITY = YES;
				ENABLE_USER_SCRIPT_SANDBOXING = YES;
				GCC_C_LANGUAGE_STANDARD = gnu17;
				GCC_DYNAMIC_NO_PIC = NO;
				GCC_NO_COMMON_BLOCKS = YES;
				GCC_OPTIMIZATION_LEVEL = 0;
				GCC_PREPROCESSOR_DEFINITIONS = (
					"DEBUG=1",
					"$(inherited)",
				);
				GCC_WARN_64_TO_32_BIT_CONVERSION = YES;
				GCC_WARN_ABOUT_RETURN_TYPE = YES_ERROR;
				GCC_WARN_UNDECLARED_SELECTOR = YES;
				GCC_WARN_UNINITIALIZED_AUTOS = YES_AGGRESSIVE;
				GCC_WARN_UNUSED_FUNCTION = YES;
				GCC_WARN_UNUSED_VARIABLE = YES;
				IPHONEOS_DEPLOYMENT_TARGET = 17.0;
				LOCALIZATION_PREFERS_STRING_CATALOGS = YES;
				MTL_ENABLE_DEBUG_INFO = INCLUDE_SOURCE;
				MTL_FAST_MATH = YES;
				ONLY_ACTIVE_ARCH = YES;
				SDKROOT = iphoneos;
				SWIFT_ACTIVE_COMPILATION_CONDITIONS = "DEBUG $(inherited)";
				SWIFT_OPTIMIZATION_LEVEL = "-Onone";
			};
			name = Debug;
		};
		2EB960C72AE1BA3D00C3CFD7 /* Release */ = {
			isa = XCBuildConfiguration;
			buildSettings = {
				ALWAYS_SEARCH_USER_PATHS = NO;
				ASSETCATALOG_COMPILER_GENERATE_SWIFT_ASSET_SYMBOL_EXTENSIONS = YES;
				CLANG_ANALYZER_NONNULL = YES;
				CLANG_ANALYZER_NUMBER_OBJECT_CONVERSION = YES_AGGRESSIVE;
				CLANG_CXX_LANGUAGE_STANDARD = "gnu++20";
				CLANG_ENABLE_MODULES = YES;
				CLANG_ENABLE_OBJC_ARC = YES;
				CLANG_ENABLE_OBJC_WEAK = YES;
				CLANG_WARN_BLOCK_CAPTURE_AUTORELEASING = YES;
				CLANG_WARN_BOOL_CONVERSION = YES;
				CLANG_WARN_COMMA = YES;
				CLANG_WARN_CONSTANT_CONVERSION = YES;
				CLANG_WARN_DEPRECATED_OBJC_IMPLEMENTATIONS = YES;
				CLANG_WARN_DIRECT_OBJC_ISA_USAGE = YES_ERROR;
				CLANG_WARN_DOCUMENTATION_COMMENTS = YES;
				CLANG_WARN_EMPTY_BODY = YES;
				CLANG_WARN_ENUM_CONVERSION = YES;
				CLANG_WARN_INFINITE_RECURSION = YES;
				CLANG_WARN_INT_CONVERSION = YES;
				CLANG_WARN_NON_LITERAL_NULL_CONVERSION = YES;
				CLANG_WARN_OBJC_IMPLICIT_RETAIN_SELF = YES;
				CLANG_WARN_OBJC_LITERAL_CONVERSION = YES;
				CLANG_WARN_OBJC_ROOT_CLASS = YES_ERROR;
				CLANG_WARN_QUOTED_INCLUDE_IN_FRAMEWORK_HEADER = YES;
				CLANG_WARN_RANGE_LOOP_ANALYSIS = YES;
				CLANG_WARN_STRICT_PROTOTYPES = YES;
				CLANG_WARN_SUSPICIOUS_MOVE = YES;
				CLANG_WARN_UNGUARDED_AVAILABILITY = YES_AGGRESSIVE;
				CLANG_WARN_UNREACHABLE_CODE = YES;
				CLANG_WARN__DUPLICATE_METHOD_MATCH = YES;
				COPY_PHASE_STRIP = NO;
				DEBUG_INFORMATION_FORMAT = "dwarf-with-dsym";
				ENABLE_NS_ASSERTIONS = NO;
				ENABLE_STRICT_OBJC_MSGSEND = YES;
				ENABLE_USER_SCRIPT_SANDBOXING = YES;
				GCC_C_LANGUAGE_STANDARD = gnu17;
				GCC_NO_COMMON_BLOCKS = YES;
				GCC_WARN_64_TO_32_BIT_CONVERSION = YES;
				GCC_WARN_ABOUT_RETURN_TYPE = YES_ERROR;
				GCC_WARN_UNDECLARED_SELECTOR = YES;
				GCC_WARN_UNINITIALIZED_AUTOS = YES_AGGRESSIVE;
				GCC_WARN_UNUSED_FUNCTION = YES;
				GCC_WARN_UNUSED_VARIABLE = YES;
				IPHONEOS_DEPLOYMENT_TARGET = 17.0;
				LOCALIZATION_PREFERS_STRING_CATALOGS = YES;
				MTL_ENABLE_DEBUG_INFO = NO;
				MTL_FAST_MATH = YES;
				SDKROOT = iphoneos;
				SWIFT_COMPILATION_MODE = wholemodule;
				VALIDATE_PRODUCT = YES;
			};
			name = Release;
		};
		2EB960C92AE1BA3D00C3CFD7 /* Debug */ = {
			isa = XCBuildConfiguration;
			buildSettings = {
				ASSETCATALOG_COMPILER_APPICON_NAME = AppIcon;
				ASSETCATALOG_COMPILER_GLOBAL_ACCENT_COLOR_NAME = AccentColor;
				CODE_SIGN_STYLE = Automatic;
				CURRENT_PROJECT_VERSION = 1;
				DEVELOPMENT_ASSET_PATHS = "\"NewsWave/Preview Content\"";
				DEVELOPMENT_TEAM = Y4JD236954;
				ENABLE_PREVIEWS = YES;
				GENERATE_INFOPLIST_FILE = YES;
				INFOPLIST_KEY_NSLocationWhenInUseUsageDescription = "Accessing location for showing the weather";
				INFOPLIST_KEY_UIApplicationSceneManifest_Generation = YES;
				INFOPLIST_KEY_UIApplicationSupportsIndirectInputEvents = YES;
				INFOPLIST_KEY_UILaunchScreen_Generation = YES;
				INFOPLIST_KEY_UISupportedInterfaceOrientations_iPad = "UIInterfaceOrientationPortrait UIInterfaceOrientationPortraitUpsideDown UIInterfaceOrientationLandscapeLeft UIInterfaceOrientationLandscapeRight";
				INFOPLIST_KEY_UISupportedInterfaceOrientations_iPhone = "UIInterfaceOrientationPortrait UIInterfaceOrientationLandscapeLeft UIInterfaceOrientationLandscapeRight";
				LD_RUNPATH_SEARCH_PATHS = (
					"$(inherited)",
					"@executable_path/Frameworks",
				);
				MARKETING_VERSION = 1.0;
				PRODUCT_BUNDLE_IDENTIFIER = com.amirabravesh.NewsWave;
				PRODUCT_NAME = "$(TARGET_NAME)";
				SWIFT_EMIT_LOC_STRINGS = YES;
				SWIFT_VERSION = 5.0;
				TARGETED_DEVICE_FAMILY = "1,2";
			};
			name = Debug;
		};
		2EB960CA2AE1BA3D00C3CFD7 /* Release */ = {
			isa = XCBuildConfiguration;
			buildSettings = {
				ASSETCATALOG_COMPILER_APPICON_NAME = AppIcon;
				ASSETCATALOG_COMPILER_GLOBAL_ACCENT_COLOR_NAME = AccentColor;
				CODE_SIGN_STYLE = Automatic;
				CURRENT_PROJECT_VERSION = 1;
				DEVELOPMENT_ASSET_PATHS = "\"NewsWave/Preview Content\"";
				DEVELOPMENT_TEAM = Y4JD236954;
				ENABLE_PREVIEWS = YES;
				GENERATE_INFOPLIST_FILE = YES;
				INFOPLIST_KEY_NSLocationWhenInUseUsageDescription = "Accessing location for showing the weather";
				INFOPLIST_KEY_UIApplicationSceneManifest_Generation = YES;
				INFOPLIST_KEY_UIApplicationSupportsIndirectInputEvents = YES;
				INFOPLIST_KEY_UILaunchScreen_Generation = YES;
				INFOPLIST_KEY_UISupportedInterfaceOrientations_iPad = "UIInterfaceOrientationPortrait UIInterfaceOrientationPortraitUpsideDown UIInterfaceOrientationLandscapeLeft UIInterfaceOrientationLandscapeRight";
				INFOPLIST_KEY_UISupportedInterfaceOrientations_iPhone = "UIInterfaceOrientationPortrait UIInterfaceOrientationLandscapeLeft UIInterfaceOrientationLandscapeRight";
				LD_RUNPATH_SEARCH_PATHS = (
					"$(inherited)",
					"@executable_path/Frameworks",
				);
				MARKETING_VERSION = 1.0;
				PRODUCT_BUNDLE_IDENTIFIER = com.amirabravesh.NewsWave;
				PRODUCT_NAME = "$(TARGET_NAME)";
				SWIFT_EMIT_LOC_STRINGS = YES;
				SWIFT_VERSION = 5.0;
				TARGETED_DEVICE_FAMILY = "1,2";
			};
			name = Release;
		};
/* End XCBuildConfiguration section */

/* Begin XCConfigurationList section */
		2EB960B52AE1BA3C00C3CFD7 /* Build configuration list for PBXProject "NewsWave" */ = {
			isa = XCConfigurationList;
			buildConfigurations = (
				2EB960C62AE1BA3D00C3CFD7 /* Debug */,
				2EB960C72AE1BA3D00C3CFD7 /* Release */,
			);
			defaultConfigurationIsVisible = 0;
			defaultConfigurationName = Release;
		};
		2EB960C82AE1BA3D00C3CFD7 /* Build configuration list for PBXNativeTarget "NewsWave" */ = {
			isa = XCConfigurationList;
			buildConfigurations = (
				2EB960C92AE1BA3D00C3CFD7 /* Debug */,
				2EB960CA2AE1BA3D00C3CFD7 /* Release */,
			);
			defaultConfigurationIsVisible = 0;
			defaultConfigurationName = Release;
		};
/* End XCConfigurationList section */
	};
	rootObject = 2EB960B22AE1BA3C00C3CFD7 /* Project object */;
}
